{
  "name": "jue-cheerio",
  "version": "1.0.0",
  "lockfileVersion": 1,
  "requires": true,
  "dependencies": {
    "@types/node": {
      "version": "14.14.12",
      "resolved": "http://jfrog.cloud.qiyi.domain:80/api/npm/npm/@types/node/-/node-14.14.12.tgz",
      "integrity": "sha1-Cx2G+MQBQQkShd6gLklA33O7pD8="
    },
    "axios": {
      "version": "0.21.0",
      "resolved": "http://jfrog.cloud.qiyi.domain:80/api/npm/npm/axios/-/axios-0.21.0.tgz",
      "integrity": "sha1-Jt8IiAOiNQ3/LCf5b++Z/klEKso=",
      "requires": {
        "follow-redirects": "^1.10.0"
      }
    },
    "boolbase": {
      "version": "1.0.0",
      "resolved": "http://jfrog.cloud.qiyi.domain:80/api/npm/npm/boolbase/-/boolbase-1.0.0.tgz",
      "integrity": "sha1-aN/1++YMUes3cl6p4+0xDcwed24="
    },
    "cheerio": {
      "version": "1.0.0-rc.3",
      "resolved": "http://jfrog.cloud.qiyi.domain:80/api/npm/npm/cheerio/-/cheerio-1.0.0-rc.3.tgz",
      "integrity": "sha1-CUY21CWy6cD065GkbAVjDJoai/Y=",
      "requires": {
        "css-select": "~1.2.0",
        "dom-serializer": "~0.1.1",
        "entities": "~1.1.1",
        "htmlparser2": "^3.9.1",
        "lodash": "^4.15.0",
        "parse5": "^3.0.1"
      }
    },
    "cron-parser": {
      "version": "2.18.0",
      "resolved": "http://jfrog.cloud.qiyi.domain:80/api/npm/npm/cron-parser/-/cron-parser-2.18.0.tgz",
      "integrity": "sha1-3huwrVKMgVVINxmT+BpU5aCJ7c8=",
      "requires": {
        "is-nan": "^1.3.0",
        "moment-timezone": "^0.5.31"
      }
    },
    "css-select": {
      "version": "1.2.0",
      "resolved": "http://jfrog.cloud.qiyi.domain:80/api/npm/npm/css-select/-/css-select-1.2.0.tgz",
      "integrity": "sha1-KzoRBTnFNV8c2NMUYj6HCxIeyFg=",
      "requires": {
        "boolbase": "~1.0.0",
        "css-what": "2.1",
        "domutils": "1.5.1",
        "nth-check": "~1.0.1"
      }
    },
    "css-what": {
      "version": "2.1.3",
      "resolved": "http://jfrog.cloud.qiyi.domain:80/api/npm/npm/css-what/-/css-what-2.1.3.tgz",
      "integrity": "sha1-ptdgRXM2X+dGhsPzEcVlE9iChfI="
    },
    "define-properties": {
      "version": "1.1.3",
      "resolved": "http://jfrog.cloud.qiyi.domain:80/api/npm/npm/define-properties/-/define-properties-1.1.3.tgz",
      "integrity": "sha1-z4jabL7ib+bbcJT2HYcMvYTO6fE=",
      "requires": {
        "object-keys": "^1.0.12"
      }
    },
    "dom-serializer": {
      "version": "0.1.1",
      "resolved": "http://jfrog.cloud.qiyi.domain:80/api/npm/npm/dom-serializer/-/dom-serializer-0.1.1.tgz",
      "integrity": "sha1-HsQFnihLq+027sKUHUqXChic58A=",
      "requires": {
        "domelementtype": "^1.3.0",
        "entities": "^1.1.1"
      }
    },
    "domelementtype": {
      "version": "1.3.1",
      "resolved": "http://jfrog.cloud.qiyi.domain:80/api/npm/npm/domelementtype/-/domelementtype-1.3.1.tgz",
      "integrity": "sha1-0EjESzew0Qp/Kj1f7j9DM9eQSB8="
    },
    "domhandler": {
      "version": "2.4.2",
      "resolved": "http://jfrog.cloud.qiyi.domain:80/api/npm/npm/domhandler/-/domhandler-2.4.2.tgz",
      "integrity": "sha1-iAUJfpM9ZehVRvcm1g9euItE+AM=",
      "requires": {
        "domelementtype": "1"
      }
    },
    "domutils": {
      "version": "1.5.1",
      "resolved": "http://jfrog.cloud.qiyi.domain:80/api/npm/npm/domutils/-/domutils-1.5.1.tgz",
      "integrity": "sha1-3NhIiib1Y9YQeeSMn3t+Mjc2gs8=",
      "requires": {
        "dom-serializer": "0",
        "domelementtype": "1"
      }
    },
    "entities": {
      "version": "1.1.2",
      "resolved": "http://jfrog.cloud.qiyi.domain:80/api/npm/npm/entities/-/entities-1.1.2.tgz",
      "integrity": "sha1-vfpzUplmTfr9NFKe1PhSKidf6lY="
    },
    "follow-redirects": {
      "version": "1.13.0",
      "resolved": "http://jfrog.cloud.qiyi.domain:80/api/npm/npm/follow-redirects/-/follow-redirects-1.13.0.tgz",
      "integrity": "sha1-tC6Nk6Kn7qXtiGM2dtZZe8jjhNs="
    },
    "htmlparser2": {
      "version": "3.10.1",
      "resolved": "http://jfrog.cloud.qiyi.domain:80/api/npm/npm/htmlparser2/-/htmlparser2-3.10.1.tgz",
      "integrity": "sha1-vWedw/WYl7ajS7EHSchVu1OpOS8=",
      "requires": {
        "domelementtype": "^1.3.1",
        "domhandler": "^2.3.0",
        "domutils": "^1.5.1",
        "entities": "^1.1.1",
        "inherits": "^2.0.1",
        "readable-stream": "^3.1.1"
      }
    },
    "inherits": {
      "version": "2.0.4",
      "resolved": "http://jfrog.cloud.qiyi.domain:80/api/npm/npm/inherits/-/inherits-2.0.4.tgz",
      "integrity": "sha1-D6LGT5MpF8NDOg3tVTY6rjdBa3w="
    },
    "is-nan": {
      "version": "1.3.0",
      "resolved": "http://jfrog.cloud.qiyi.domain:80/api/npm/npm/is-nan/-/is-nan-1.3.0.tgz",
      "integrity": "sha1-hdH1SC9wUcIBn1ZzzOvbBvOw2wM=",
      "requires": {
        "define-properties": "^1.1.3"
      }
    },
    "lodash": {
      "version": "4.17.20",
      "resolved": "http://jfrog.cloud.qiyi.domain:80/api/npm/npm/lodash/-/lodash-4.17.20.tgz",
      "integrity": "sha1-tEqbYpe8tpjxxRo1RaKzs2jVnFI="
    },
    "long-timeout": {
      "version": "0.1.1",
      "resolved": "http://jfrog.cloud.qiyi.domain:80/api/npm/npm/long-timeout/-/long-timeout-0.1.1.tgz",
      "integrity": "sha1-lyHXiLR+C8taJMLivuGg2lXatRQ="
    },
    "moment": {
      "version": "2.29.1",
      "resolved": "http://jfrog.cloud.qiyi.domain:80/api/npm/npm/moment/-/moment-2.29.1.tgz",
      "integrity": "sha1-sr52n6MZQL6e7qZGnAdeNQBvo9M="
    },
    "moment-timezone": {
      "version": "0.5.32",
      "resolved": "http://jfrog.cloud.qiyi.domain:80/api/npm/npm/moment-timezone/-/moment-timezone-0.5.32.tgz",
      "integrity": "sha1-23Z3zDzGgP0wMD69kLDaHKDf7MI=",
      "requires": {
        "moment": ">= 2.9.0"
      }
    },
    "node-schedule": {
      "version": "1.3.2",
      "resolved": "http://jfrog.cloud.qiyi.domain:80/api/npm/npm/node-schedule/-/node-schedule-1.3.2.tgz",
      "integrity": "sha1-13Szg+Km9q3lnuzGIlSuoHzXWMs=",
      "requires": {
        "cron-parser": "^2.7.3",
        "long-timeout": "0.1.1",
        "sorted-array-functions": "^1.0.0"
      }
    },
    "nodemailer": {
      "version": "6.4.16",
      "resolved": "http://jfrog.cloud.qiyi.domain:80/api/npm/npm/nodemailer/-/nodemailer-6.4.16.tgz",
      "integrity": "sha1-XLY5Gx15q37/Mtb59INmtacRcpM="
    },
    "nth-check": {
      "version": "1.0.2",
      "resolved": "http://jfrog.cloud.qiyi.domain:80/api/npm/npm/nth-check/-/nth-check-1.0.2.tgz",
      "integrity": "sha1-sr0pXDfj3VijvwcAN2Zjuk2c8Fw=",
      "requires": {
        "boolbase": "~1.0.0"
      }
    },
    "object-keys": {
      "version": "1.1.1",
      "resolved": "http://jfrog.cloud.qiyi.domain:80/api/npm/npm/object-keys/-/object-keys-1.1.1.tgz",
      "integrity": "sha1-HEfyct8nfzsdrwYWd9nILiMixg4="
    },
    "parse5": {
      "version": "3.0.3",
      "resolved": "http://jfrog.cloud.qiyi.domain:80/api/npm/npm/parse5/-/parse5-3.0.3.tgz",
      "integrity": "sha1-BC95L/3TaFFVHPTp4Gazh0q0W1w=",
      "requires": {
        "@types/node": "*"
      }
    },
    "readable-stream": {
      "version": "3.6.0",
      "resolved": "http://jfrog.cloud.qiyi.domain:80/api/npm/npm/readable-stream/-/readable-stream-3.6.0.tgz",
      "integrity": "sha1-M3u9o63AcGvT4CRCaihtS0sskZg=",
      "requires": {
        "inherits": "^2.0.3",
        "string_decoder": "^1.1.1",
        "util-deprecate": "^1.0.1"
      }
    },
    "safe-buffer": {
      "version": "5.2.1",
      "resolved": "http://jfrog.cloud.qiyi.domain:80/api/npm/npm/safe-buffer/-/safe-buffer-5.2.1.tgz",
      "integrity": "sha1-Hq+fqb2x/dTsdfWPnNtOa3gn7sY="
    },
    "sorted-array-functions": {
      "version": "1.3.0",
      "resolved": "http://jfrog.cloud.qiyi.domain:80/api/npm/npm/sorted-array-functions/-/sorted-array-functions-1.3.0.tgz",
      "integrity": "sha1-hgVpVWMpTf+yyXltYCvYRZ96DdU="
    },
    "string_decoder": {
      "version": "1.3.0",
      "resolved": "http://jfrog.cloud.qiyi.domain:80/api/npm/npm/string_decoder/-/string_decoder-1.3.0.tgz",
      "integrity": "sha1-QvEUWUpGzxqOMLCoT1bHjD7awh4=",
      "requires": {
        "safe-buffer": "~5.2.0"
      }
    },
    "util-deprecate": {
      "version": "1.0.2",
      "resolved": "http://jfrog.cloud.qiyi.domain:80/api/npm/npm/util-deprecate/-/util-deprecate-1.0.2.tgz",
      "integrity": "sha1-RQ1Nyfpw3nMnYvvS1KKJgUGaDM8="
    }
  }
}
